
Microsoft Visual Studio Solution File, Format Version 12.00
# Visual Studio Version 16
VisualStudioVersion = 16.0.30621.155
MinimumVisualStudioVersion = 10.0.40219.1
Project("{FAE04EC0-301F-11D3-BF4B-00C04F79EFBC}") = "Nicholas_E_Terry_CapStone", "Nicholas_E_Terry_CapStone\Nicholas_E_Terry_CapStone.csproj", "{C6470FD2-48A9-462D-9EDB-3A938CC1A8D5}"
EndProject
Global
	GlobalSection(SolutionConfigurationPlatforms) = preSolution
		Debug|Any CPU = Debug|Any CPU
		Release|Any CPU = Release|Any CPU
	EndGlobalSection
	GlobalSection(ProjectConfigurationPlatforms) = postSolution
		{C6470FD2-48A9-462D-9EDB-3A938CC1A8D5}.Debug|Any CPU.ActiveCfg = Debug|Any CPU
		{C6470FD2-48A9-462D-9EDB-3A938CC1A8D5}.Debug|Any CPU.Build.0 = Debug|Any CPU
		{C6470FD2-48A9-462D-9EDB-3A938CC1A8D5}.Release|Any CPU.ActiveCfg = Release|Any CPU
		{C6470FD2-48A9-462D-9EDB-3A938CC1A8D5}.Release|Any CPU.Build.0 = Release|Any CPU
	EndGlobalSection
	GlobalSection(SolutionProperties) = preSolution
		HideSolutionNode = FALSE
	EndGlobalSection
	GlobalSection(ExtensibilityGlobals) = postSolution
		SolutionGuid = {2C91C7EE-8DA6-4DD9-87A8-695A37E7E722}
	EndGlobalSection
EndGlobal
